
Microsoft Visual Studio Solution File, Format Version 12.00
Project("{FAE04EC0-301F-11D3-BF4B-00C04F79EFBC}") = "MessengerApplication", "MessengerApplication\MessengerApplication.csproj", "{C554A3CB-735E-4C04-894D-64405CC3B8D1}"
EndProject
Global
	GlobalSection(SolutionConfigurationPlatforms) = preSolution
		Debug|Any CPU = Debug|Any CPU
		Release|Any CPU = Release|Any CPU
	EndGlobalSection
	GlobalSection(ProjectConfigurationPlatforms) = postSolution
		{C554A3CB-735E-4C04-894D-64405CC3B8D1}.Debug|Any CPU.ActiveCfg = Debug|Any CPU
		{C554A3CB-735E-4C04-894D-64405CC3B8D1}.Debug|Any CPU.Build.0 = Debug|Any CPU
		{C554A3CB-735E-4C04-894D-64405CC3B8D1}.Release|Any CPU.ActiveCfg = Release|Any CPU
		{C554A3CB-735E-4C04-894D-64405CC3B8D1}.Release|Any CPU.Build.0 = Release|Any CPU
	EndGlobalSection
EndGlobal
